
Microsoft Visual Studio Solution File, Format Version 12.00
# Visual Studio Version 17
VisualStudioVersion = 17.14.36623.8
MinimumVisualStudioVersion = 10.0.40219.1
Project("{FAE04EC0-301F-11D3-BF4B-00C04F79EFBC}") = "Razor_project", "Razor_project\Razor_project.csproj", "{7ADDBC6F-8D42-49A9-AAED-5B2C24795D00}"
EndProject
Global
	GlobalSection(SolutionConfigurationPlatforms) = preSolution
		Debug|Any CPU = Debug|Any CPU
		Release|Any CPU = Release|Any CPU
	EndGlobalSection
	GlobalSection(ProjectConfigurationPlatforms) = postSolution
		{7ADDBC6F-8D42-49A9-AAED-5B2C24795D00}.Debug|Any CPU.ActiveCfg = Debug|Any CPU
		{7ADDBC6F-8D42-49A9-AAED-5B2C24795D00}.Debug|Any CPU.Build.0 = Debug|Any CPU
		{7ADDBC6F-8D42-49A9-AAED-5B2C24795D00}.Release|Any CPU.ActiveCfg = Release|Any CPU
		{7ADDBC6F-8D42-49A9-AAED-5B2C24795D00}.Release|Any CPU.Build.0 = Release|Any CPU
	EndGlobalSection
	GlobalSection(SolutionProperties) = preSolution
		HideSolutionNode = FALSE
	EndGlobalSection
	GlobalSection(ExtensibilityGlobals) = postSolution
		SolutionGuid = {90E06E23-EDA2-4074-B40E-F2B4E4B1BF0C}
	EndGlobalSection
EndGlobal
